// !$*UTF8*$!
{
	archiveVersion = 1;
	classes = {
	};
	objectVersion = 46;
	objects = {

/* Begin PBXBuildFile section */
		08276F491B2B82B500F851FB /* HelmetProgressbar.m in Sources */ = {isa = PBXBuildFile; fileRef = 08276F481B2B82B400F851FB /* HelmetProgressbar.m */; };
		08276F4C1B2B8F9900F851FB /* HelmetLabel.m in Sources */ = {isa = PBXBuildFile; fileRef = 08276F4B1B2B8F9900F851FB /* HelmetLabel.m */; };
		085BFC801B2C4E9C00366C55 /* CeltyClient.m in Sources */ = {isa = PBXBuildFile; fileRef = 085BFC7F1B2C4E9C00366C55 /* CeltyClient.m */; };
		08B3C9881B2A0011001F86A9 /* AppDelegate.m in Sources */ = {isa = PBXBuildFile; fileRef = 08B3C9871B2A0011001F86A9 /* AppDelegate.m */; };
		08B3C98A1B2A0011001F86A9 /* main.m in Sources */ = {isa = PBXBuildFile; fileRef = 08B3C9891B2A0011001F86A9 /* main.m */; };
		08B3C98D1B2A0011001F86A9 /* Document.m in Sources */ = {isa = PBXBuildFile; fileRef = 08B3C98C1B2A0011001F86A9 /* Document.m */; };
		08B3C9901B2A0011001F86A9 /* Document.xib in Resources */ = {isa = PBXBuildFile; fileRef = 08B3C98E1B2A0011001F86A9 /* Document.xib */; };
		08B3C9921B2A0011001F86A9 /* Images.xcassets in Resources */ = {isa = PBXBuildFile; fileRef = 08B3C9911B2A0011001F86A9 /* Images.xcassets */; };
		08B3C9951B2A0011001F86A9 /* MainMenu.xib in Resources */ = {isa = PBXBuildFile; fileRef = 08B3C9931B2A0011001F86A9 /* MainMenu.xib */; };
		08B3C9A11B2A0011001F86A9 /* celty_testTests.m in Sources */ = {isa = PBXBuildFile; fileRef = 08B3C9A01B2A0011001F86A9 /* celty_testTests.m */; };
		08B3C9AC1B2B10D5001F86A9 /* ServerAdressFormatter.m in Sources */ = {isa = PBXBuildFile; fileRef = 08B3C9AB1B2B10D5001F86A9 /* ServerAdressFormatter.m */; };
		08B3C9B51B2B3F8B001F86A9 /* Helmet.m in Sources */ = {isa = PBXBuildFile; fileRef = 08B3C9B41B2B3F8B001F86A9 /* Helmet.m */; };
		08B3C9BF1B2B48FF001F86A9 /* HelmetButton.m in Sources */ = {isa = PBXBuildFile; fileRef = 08B3C9BE1B2B48FF001F86A9 /* HelmetButton.m */; };
		08B3C9C61B2B51A0001F86A9 /* HelmetInput.m in Sources */ = {isa = PBXBuildFile; fileRef = 08B3C9C51B2B51A0001F86A9 /* HelmetInput.m */; };
		08BD50E91B2CBCCC0003EDF0 /* FlippedStackView.m in Sources */ = {isa = PBXBuildFile; fileRef = 08BD50E81B2CBCCC0003EDF0 /* FlippedStackView.m */; };
		08EC4C0A1B2CCEC200A8D301 /* CeltyConnection.m in Sources */ = {isa = PBXBuildFile; fileRef = 08EC4C091B2CCEC200A8D301 /* CeltyConnection.m */; };
		08EC4C0F1B2CD5D900A8D301 /* FastServerSocket.m in Sources */ = {isa = PBXBuildFile; fileRef = 08EC4C0C1B2CD5D900A8D301 /* FastServerSocket.m */; };
		08EC4C101B2CD5D900A8D301 /* FastSocket.m in Sources */ = {isa = PBXBuildFile; fileRef = 08EC4C0E1B2CD5D900A8D301 /* FastSocket.m */; };
		08EC4C171B2DE31700A8D301 /* CeltyWidget.m in Sources */ = {isa = PBXBuildFile; fileRef = 08EC4C161B2DE31700A8D301 /* CeltyWidget.m */; };
		08EC4C1A1B2DE56900A8D301 /* VibrancyView.m in Sources */ = {isa = PBXBuildFile; fileRef = 08EC4C191B2DE56900A8D301 /* VibrancyView.m */; };
/* End PBXBuildFile section */

/* Begin PBXContainerItemProxy section */
		08B3C99B1B2A0011001F86A9 /* PBXContainerItemProxy */ = {
			isa = PBXContainerItemProxy;
			containerPortal = 08B3C9791B2A0011001F86A9 /* Project object */;
			proxyType = 1;
			remoteGlobalIDString = 08B3C9801B2A0011001F86A9;
			remoteInfo = "celty-test";
		};
/* End PBXContainerItemProxy section */

/* Begin PBXFileReference section */
		08276F471B2B82B400F851FB /* HelmetProgressbar.h */ = {isa = PBXFileReference; fileEncoding = 4; lastKnownFileType = sourcecode.c.h; path = HelmetProgressbar.h; sourceTree = "<group>"; };
		08276F481B2B82B400F851FB /* HelmetProgressbar.m */ = {isa = PBXFileReference; fileEncoding = 4; lastKnownFileType = sourcecode.c.objc; path = HelmetProgressbar.m; sourceTree = "<group>"; };
		08276F4A1B2B8F9900F851FB /* HelmetLabel.h */ = {isa = PBXFileReference; fileEncoding = 4; lastKnownFileType = sourcecode.c.h; path = HelmetLabel.h; sourceTree = "<group>"; };
		08276F4B1B2B8F9900F851FB /* HelmetLabel.m */ = {isa = PBXFileReference; fileEncoding = 4; lastKnownFileType = sourcecode.c.objc; path = HelmetLabel.m; sourceTree = "<group>"; };
		085BFC7E1B2C4E9C00366C55 /* CeltyClient.h */ = {isa = PBXFileReference; fileEncoding = 4; lastKnownFileType = sourcecode.c.h; path = CeltyClient.h; sourceTree = "<group>"; };
		085BFC7F1B2C4E9C00366C55 /* CeltyClient.m */ = {isa = PBXFileReference; fileEncoding = 4; lastKnownFileType = sourcecode.c.objc; path = CeltyClient.m; sourceTree = "<group>"; };
		08B3C9811B2A0011001F86A9 /* celty-test.app */ = {isa = PBXFileReference; explicitFileType = wrapper.application; includeInIndex = 0; path = "celty-test.app"; sourceTree = BUILT_PRODUCTS_DIR; };
		08B3C9851B2A0011001F86A9 /* Info.plist */ = {isa = PBXFileReference; lastKnownFileType = text.plist.xml; path = Info.plist; sourceTree = "<group>"; };
		08B3C9861B2A0011001F86A9 /* AppDelegate.h */ = {isa = PBXFileReference; lastKnownFileType = sourcecode.c.h; path = AppDelegate.h; sourceTree = "<group>"; };
		08B3C9871B2A0011001F86A9 /* AppDelegate.m */ = {isa = PBXFileReference; lastKnownFileType = sourcecode.c.objc; path = AppDelegate.m; sourceTree = "<group>"; };
		08B3C9891B2A0011001F86A9 /* main.m */ = {isa = PBXFileReference; lastKnownFileType = sourcecode.c.objc; path = main.m; sourceTree = "<group>"; };
		08B3C98B1B2A0011001F86A9 /* Document.h */ = {isa = PBXFileReference; lastKnownFileType = sourcecode.c.h; path = Document.h; sourceTree = "<group>"; };
		08B3C98C1B2A0011001F86A9 /* Document.m */ = {isa = PBXFileReference; lastKnownFileType = sourcecode.c.objc; path = Document.m; sourceTree = "<group>"; };
		08B3C98F1B2A0011001F86A9 /* Base */ = {isa = PBXFileReference; lastKnownFileType = file.xib; name = Base; path = Base.lproj/Document.xib; sourceTree = "<group>"; };
		08B3C9911B2A0011001F86A9 /* Images.xcassets */ = {isa = PBXFileReference; lastKnownFileType = folder.assetcatalog; path = Images.xcassets; sourceTree = "<group>"; };
		08B3C9941B2A0011001F86A9 /* Base */ = {isa = PBXFileReference; lastKnownFileType = file.xib; name = Base; path = Base.lproj/MainMenu.xib; sourceTree = "<group>"; };
		08B3C99A1B2A0011001F86A9 /* celty-testTests.xctest */ = {isa = PBXFileReference; explicitFileType = wrapper.cfbundle; includeInIndex = 0; path = "celty-testTests.xctest"; sourceTree = BUILT_PRODUCTS_DIR; };
		08B3C99F1B2A0011001F86A9 /* Info.plist */ = {isa = PBXFileReference; lastKnownFileType = text.plist.xml; path = Info.plist; sourceTree = "<group>"; };
		08B3C9A01B2A0011001F86A9 /* celty_testTests.m */ = {isa = PBXFileReference; lastKnownFileType = sourcecode.c.objc; path = celty_testTests.m; sourceTree = "<group>"; };
		08B3C9AA1B2B10D5001F86A9 /* ServerAdressFormatter.h */ = {isa = PBXFileReference; fileEncoding = 4; lastKnownFileType = sourcecode.c.h; path = ServerAdressFormatter.h; sourceTree = "<group>"; };
		08B3C9AB1B2B10D5001F86A9 /* ServerAdressFormatter.m */ = {isa = PBXFileReference; fileEncoding = 4; lastKnownFileType = sourcecode.c.objc; path = ServerAdressFormatter.m; sourceTree = "<group>"; };
		08B3C9B31B2B3F8B001F86A9 /* Helmet.h */ = {isa = PBXFileReference; fileEncoding = 4; lastKnownFileType = sourcecode.c.h; path = Helmet.h; sourceTree = "<group>"; };
		08B3C9B41B2B3F8B001F86A9 /* Helmet.m */ = {isa = PBXFileReference; fileEncoding = 4; lastKnownFileType = sourcecode.c.objc; path = Helmet.m; sourceTree = "<group>"; };
		08B3C9BD1B2B48FF001F86A9 /* HelmetButton.h */ = {isa = PBXFileReference; fileEncoding = 4; lastKnownFileType = sourcecode.c.h; path = HelmetButton.h; sourceTree = "<group>"; };
		08B3C9BE1B2B48FF001F86A9 /* HelmetButton.m */ = {isa = PBXFileReference; fileEncoding = 4; lastKnownFileType = sourcecode.c.objc; path = HelmetButton.m; sourceTree = "<group>"; };
		08B3C9C41B2B51A0001F86A9 /* HelmetInput.h */ = {isa = PBXFileReference; fileEncoding = 4; lastKnownFileType = sourcecode.c.h; path = HelmetInput.h; sourceTree = "<group>"; };
		08B3C9C51B2B51A0001F86A9 /* HelmetInput.m */ = {isa = PBXFileReference; fileEncoding = 4; lastKnownFileType = sourcecode.c.objc; path = HelmetInput.m; sourceTree = "<group>"; };
		08BD50E71B2CBCCC0003EDF0 /* FlippedStackView.h */ = {isa = PBXFileReference; fileEncoding = 4; lastKnownFileType = sourcecode.c.h; path = FlippedStackView.h; sourceTree = "<group>"; };
		08BD50E81B2CBCCC0003EDF0 /* FlippedStackView.m */ = {isa = PBXFileReference; fileEncoding = 4; lastKnownFileType = sourcecode.c.objc; path = FlippedStackView.m; sourceTree = "<group>"; };
		08EC4C081B2CCEC200A8D301 /* CeltyConnection.h */ = {isa = PBXFileReference; fileEncoding = 4; lastKnownFileType = sourcecode.c.h; path = CeltyConnection.h; sourceTree = "<group>"; };
		08EC4C091B2CCEC200A8D301 /* CeltyConnection.m */ = {isa = PBXFileReference; fileEncoding = 4; lastKnownFileType = sourcecode.c.objc; path = CeltyConnection.m; sourceTree = "<group>"; };
		08EC4C0B1B2CD5D900A8D301 /* FastServerSocket.h */ = {isa = PBXFileReference; fileEncoding = 4; lastKnownFileType = sourcecode.c.h; path = FastServerSocket.h; sourceTree = "<group>"; };
		08EC4C0C1B2CD5D900A8D301 /* FastServerSocket.m */ = {isa = PBXFileReference; fileEncoding = 4; lastKnownFileType = sourcecode.c.objc; path = FastServerSocket.m; sourceTree = "<group>"; };
		08EC4C0D1B2CD5D900A8D301 /* FastSocket.h */ = {isa = PBXFileReference; fileEncoding = 4; lastKnownFileType = sourcecode.c.h; path = FastSocket.h; sourceTree = "<group>"; };
		08EC4C0E1B2CD5D900A8D301 /* FastSocket.m */ = {isa = PBXFileReference; fileEncoding = 4; lastKnownFileType = sourcecode.c.objc; path = FastSocket.m; sourceTree = "<group>"; };
		08EC4C111B2CED2300A8D301 /* CeltyConnectionDelegate.h */ = {isa = PBXFileReference; lastKnownFileType = sourcecode.c.h; path = CeltyConnectionDelegate.h; sourceTree = "<group>"; };
		08EC4C121B2CEDD700A8D301 /* CeltyClientDelegate.h */ = {isa = PBXFileReference; lastKnownFileType = sourcecode.c.h; path = CeltyClientDelegate.h; sourceTree = "<group>"; };
		08EC4C131B2CF3E100A8D301 /* HelmetDelegate.h */ = {isa = PBXFileReference; lastKnownFileType = sourcecode.c.h; path = HelmetDelegate.h; sourceTree = "<group>"; };
		08EC4C141B2DC89900A8D301 /* HelmetElement.h */ = {isa = PBXFileReference; lastKnownFileType = sourcecode.c.h; path = HelmetElement.h; sourceTree = "<group>"; };
		08EC4C151B2DE31700A8D301 /* CeltyWidget.h */ = {isa = PBXFileReference; fileEncoding = 4; lastKnownFileType = sourcecode.c.h; path = CeltyWidget.h; sourceTree = "<group>"; };
		08EC4C161B2DE31700A8D301 /* CeltyWidget.m */ = {isa = PBXFileReference; fileEncoding = 4; lastKnownFileType = sourcecode.c.objc; path = CeltyWidget.m; sourceTree = "<group>"; };
		08EC4C181B2DE56900A8D301 /* VibrancyView.h */ = {isa = PBXFileReference; fileEncoding = 4; lastKnownFileType = sourcecode.c.h; path = VibrancyView.h; sourceTree = "<group>"; };
		08EC4C191B2DE56900A8D301 /* VibrancyView.m */ = {isa = PBXFileReference; fileEncoding = 4; lastKnownFileType = sourcecode.c.objc; path = VibrancyView.m; sourceTree = "<group>"; };
/* End PBXFileReference section */

/* Begin PBXFrameworksBuildPhase section */
		08B3C97E1B2A0011001F86A9 /* Frameworks */ = {
			isa = PBXFrameworksBuildPhase;
			buildActionMask = 2147483647;
			files = (
			);
			runOnlyForDeploymentPostprocessing = 0;
		};
		08B3C9971B2A0011001F86A9 /* Frameworks */ = {
			isa = PBXFrameworksBuildPhase;
			buildActionMask = 2147483647;
			files = (
			);
			runOnlyForDeploymentPostprocessing = 0;
		};
/* End PBXFrameworksBuildPhase section */

/* Begin PBXGroup section */
		085BFC811B2C4EA000366C55 /* Celty */ = {
			isa = PBXGroup;
			children = (
				085BFC7E1B2C4E9C00366C55 /* CeltyClient.h */,
				085BFC7F1B2C4E9C00366C55 /* CeltyClient.m */,
				08EC4C121B2CEDD700A8D301 /* CeltyClientDelegate.h */,
				08EC4C081B2CCEC200A8D301 /* CeltyConnection.h */,
				08EC4C091B2CCEC200A8D301 /* CeltyConnection.m */,
				08EC4C111B2CED2300A8D301 /* CeltyConnectionDelegate.h */,
				08EC4C0B1B2CD5D900A8D301 /* FastServerSocket.h */,
				08EC4C0C1B2CD5D900A8D301 /* FastServerSocket.m */,
				08EC4C0D1B2CD5D900A8D301 /* FastSocket.h */,
				08EC4C0E1B2CD5D900A8D301 /* FastSocket.m */,
				08EC4C151B2DE31700A8D301 /* CeltyWidget.h */,
				08EC4C161B2DE31700A8D301 /* CeltyWidget.m */,
			);
			name = Celty;
			sourceTree = "<group>";
		};
		08B3C9781B2A0011001F86A9 = {
			isa = PBXGroup;
			children = (
				08B3C9831B2A0011001F86A9 /* celty-test */,
				08B3C99D1B2A0011001F86A9 /* celty-testTests */,
				08B3C9821B2A0011001F86A9 /* Products */,
			);
			sourceTree = "<group>";
		};
		08B3C9821B2A0011001F86A9 /* Products */ = {
			isa = PBXGroup;
			children = (
				08B3C9811B2A0011001F86A9 /* celty-test.app */,
				08B3C99A1B2A0011001F86A9 /* celty-testTests.xctest */,
			);
			name = Products;
			sourceTree = "<group>";
		};
		08B3C9831B2A0011001F86A9 /* celty-test */ = {
			isa = PBXGroup;
			children = (
				08B3C9861B2A0011001F86A9 /* AppDelegate.h */,
				08B3C9871B2A0011001F86A9 /* AppDelegate.m */,
				08B3C98B1B2A0011001F86A9 /* Document.h */,
				08B3C98C1B2A0011001F86A9 /* Document.m */,
				08B3C9C71B2B5573001F86A9 /* UI */,
				085BFC811B2C4EA000366C55 /* Celty */,
				08B3C9BC1B2B48E4001F86A9 /* Helmet */,
				08B3C98E1B2A0011001F86A9 /* Document.xib */,
				08B3C9931B2A0011001F86A9 /* MainMenu.xib */,
				08B3C9911B2A0011001F86A9 /* Images.xcassets */,
				08B3C9841B2A0011001F86A9 /* Supporting Files */,
			);
			path = "celty-test";
			sourceTree = "<group>";
		};
		08B3C9841B2A0011001F86A9 /* Supporting Files */ = {
			isa = PBXGroup;
			children = (
				08B3C9851B2A0011001F86A9 /* Info.plist */,
				08B3C9891B2A0011001F86A9 /* main.m */,
			);
			name = "Supporting Files";
			sourceTree = "<group>";
		};
		08B3C99D1B2A0011001F86A9 /* celty-testTests */ = {
			isa = PBXGroup;
			children = (
				08B3C9A01B2A0011001F86A9 /* celty_testTests.m */,
				08B3C99E1B2A0011001F86A9 /* Supporting Files */,
			);
			path = "celty-testTests";
			sourceTree = "<group>";
		};
		08B3C99E1B2A0011001F86A9 /* Supporting Files */ = {
			isa = PBXGroup;
			children = (
				08B3C99F1B2A0011001F86A9 /* Info.plist */,
			);
			name = "Supporting Files";
			sourceTree = "<group>";
		};
		08B3C9BC1B2B48E4001F86A9 /* Helmet */ = {
			isa = PBXGroup;
			children = (
				08B3C9B31B2B3F8B001F86A9 /* Helmet.h */,
				08B3C9B41B2B3F8B001F86A9 /* Helmet.m */,
				08EC4C131B2CF3E100A8D301 /* HelmetDelegate.h */,
				08EC4C141B2DC89900A8D301 /* HelmetElement.h */,
				08B3C9BD1B2B48FF001F86A9 /* HelmetButton.h */,
				08B3C9BE1B2B48FF001F86A9 /* HelmetButton.m */,
				08B3C9C41B2B51A0001F86A9 /* HelmetInput.h */,
				08B3C9C51B2B51A0001F86A9 /* HelmetInput.m */,
				08276F4A1B2B8F9900F851FB /* HelmetLabel.h */,
				08276F4B1B2B8F9900F851FB /* HelmetLabel.m */,
				08276F471B2B82B400F851FB /* HelmetProgressbar.h */,
				08276F481B2B82B400F851FB /* HelmetProgressbar.m */,
			);
			name = Helmet;
			sourceTree = "<group>";
		};
		08B3C9C71B2B5573001F86A9 /* UI */ = {
			isa = PBXGroup;
			children = (
				08B3C9AA1B2B10D5001F86A9 /* ServerAdressFormatter.h */,
				08EC4C181B2DE56900A8D301 /* VibrancyView.h */,
				08EC4C191B2DE56900A8D301 /* VibrancyView.m */,
				08B3C9AB1B2B10D5001F86A9 /* ServerAdressFormatter.m */,
				08BD50E71B2CBCCC0003EDF0 /* FlippedStackView.h */,
				08BD50E81B2CBCCC0003EDF0 /* FlippedStackView.m */,
			);
			name = UI;
			sourceTree = "<group>";
		};
/* End PBXGroup section */

/* Begin PBXNativeTarget section */
		08B3C9801B2A0011001F86A9 /* celty-test */ = {
			isa = PBXNativeTarget;
			buildConfigurationList = 08B3C9A41B2A0011001F86A9 /* Build configuration list for PBXNativeTarget "celty-test" */;
			buildPhases = (
				08B3C97D1B2A0011001F86A9 /* Sources */,
				08B3C97E1B2A0011001F86A9 /* Frameworks */,
				08B3C97F1B2A0011001F86A9 /* Resources */,
			);
			buildRules = (
			);
			dependencies = (
			);
			name = "celty-test";
			productName = "celty-test";
			productReference = 08B3C9811B2A0011001F86A9 /* celty-test.app */;
			productType = "com.apple.product-type.application";
		};
		08B3C9991B2A0011001F86A9 /* celty-testTests */ = {
			isa = PBXNativeTarget;
			buildConfigurationList = 08B3C9A71B2A0011001F86A9 /* Build configuration list for PBXNativeTarget "celty-testTests" */;
			buildPhases = (
				08B3C9961B2A0011001F86A9 /* Sources */,
				08B3C9971B2A0011001F86A9 /* Frameworks */,
				08B3C9981B2A0011001F86A9 /* Resources */,
			);
			buildRules = (
			);
			dependencies = (
				08B3C99C1B2A0011001F86A9 /* PBXTargetDependency */,
			);
			name = "celty-testTests";
			productName = "celty-testTests";
			productReference = 08B3C99A1B2A0011001F86A9 /* celty-testTests.xctest */;
			productType = "com.apple.product-type.bundle.unit-test";
		};
/* End PBXNativeTarget section */

/* Begin PBXProject section */
		08B3C9791B2A0011001F86A9 /* Project object */ = {
			isa = PBXProject;
			attributes = {
				LastUpgradeCheck = 0610;
				ORGANIZATIONNAME = shdwprince;
				TargetAttributes = {
					08B3C9801B2A0011001F86A9 = {
						CreatedOnToolsVersion = 6.1.1;
					};
					08B3C9991B2A0011001F86A9 = {
						CreatedOnToolsVersion = 6.1.1;
						TestTargetID = 08B3C9801B2A0011001F86A9;
					};
				};
			};
			buildConfigurationList = 08B3C97C1B2A0011001F86A9 /* Build configuration list for PBXProject "celty-test" */;
			compatibilityVersion = "Xcode 3.2";
			developmentRegion = English;
			hasScannedForEncodings = 0;
			knownRegions = (
				en,
				Base,
			);
			mainGroup = 08B3C9781B2A0011001F86A9;
			productRefGroup = 08B3C9821B2A0011001F86A9 /* Products */;
			projectDirPath = "";
			projectRoot = "";
			targets = (
				08B3C9801B2A0011001F86A9 /* celty-test */,
				08B3C9991B2A0011001F86A9 /* celty-testTests */,
			);
		};
/* End PBXProject section */

/* Begin PBXResourcesBuildPhase section */
		08B3C97F1B2A0011001F86A9 /* Resources */ = {
			isa = PBXResourcesBuildPhase;
			buildActionMask = 2147483647;
			files = (
				08B3C9901B2A0011001F86A9 /* Document.xib in Resources */,
				08B3C9921B2A0011001F86A9 /* Images.xcassets in Resources */,
				08B3C9951B2A0011001F86A9 /* MainMenu.xib in Resources */,
			);
			runOnlyForDeploymentPostprocessing = 0;
		};
		08B3C9981B2A0011001F86A9 /* Resources */ = {
			isa = PBXResourcesBuildPhase;
			buildActionMask = 2147483647;
			files = (
			);
			runOnlyForDeploymentPostprocessing = 0;
		};
/* End PBXResourcesBuildPhase section */

/* Begin PBXSourcesBuildPhase section */
		08B3C97D1B2A0011001F86A9 /* Sources */ = {
			isa = PBXSourcesBuildPhase;
			buildActionMask = 2147483647;
			files = (
				08EC4C171B2DE31700A8D301 /* CeltyWidget.m in Sources */,
				085BFC801B2C4E9C00366C55 /* CeltyClient.m in Sources */,
				08EC4C1A1B2DE56900A8D301 /* VibrancyView.m in Sources */,
				08B3C98D1B2A0011001F86A9 /* Document.m in Sources */,
				08BD50E91B2CBCCC0003EDF0 /* FlippedStackView.m in Sources */,
				08EC4C0F1B2CD5D900A8D301 /* FastServerSocket.m in Sources */,
				08B3C9C61B2B51A0001F86A9 /* HelmetInput.m in Sources */,
				08B3C9B51B2B3F8B001F86A9 /* Helmet.m in Sources */,
				08276F491B2B82B500F851FB /* HelmetProgressbar.m in Sources */,
				08B3C98A1B2A0011001F86A9 /* main.m in Sources */,
				08B3C9881B2A0011001F86A9 /* AppDelegate.m in Sources */,
				08276F4C1B2B8F9900F851FB /* HelmetLabel.m in Sources */,
				08EC4C101B2CD5D900A8D301 /* FastSocket.m in Sources */,
				08EC4C0A1B2CCEC200A8D301 /* CeltyConnection.m in Sources */,
				08B3C9AC1B2B10D5001F86A9 /* ServerAdressFormatter.m in Sources */,
				08B3C9BF1B2B48FF001F86A9 /* HelmetButton.m in Sources */,
			);
			runOnlyForDeploymentPostprocessing = 0;
		};
		08B3C9961B2A0011001F86A9 /* Sources */ = {
			isa = PBXSourcesBuildPhase;
			buildActionMask = 2147483647;
			files = (
				08B3C9A11B2A0011001F86A9 /* celty_testTests.m in Sources */,
			);
			runOnlyForDeploymentPostprocessing = 0;
		};
/* End PBXSourcesBuildPhase section */

/* Begin PBXTargetDependency section */
		08B3C99C1B2A0011001F86A9 /* PBXTargetDependency */ = {
			isa = PBXTargetDependency;
			target = 08B3C9801B2A0011001F86A9 /* celty-test */;
			targetProxy = 08B3C99B1B2A0011001F86A9 /* PBXContainerItemProxy */;
		};
/* End PBXTargetDependency section */

/* Begin PBXVariantGroup section */
		08B3C98E1B2A0011001F86A9 /* Document.xib */ = {
			isa = PBXVariantGroup;
			children = (
				08B3C98F1B2A0011001F86A9 /* Base */,
			);
			name = Document.xib;
			sourceTree = "<group>";
		};
		08B3C9931B2A0011001F86A9 /* MainMenu.xib */ = {
			isa = PBXVariantGroup;
			children = (
				08B3C9941B2A0011001F86A9 /* Base */,
			);
			name = MainMenu.xib;
			sourceTree = "<group>";
		};
/* End PBXVariantGroup section */

/* Begin XCBuildConfiguration section */
		08B3C9A21B2A0011001F86A9 /* Debug */ = {
			isa = XCBuildConfiguration;
			buildSettings = {
				ALWAYS_SEARCH_USER_PATHS = NO;
				CLANG_CXX_LANGUAGE_STANDARD = "gnu++0x";
				CLANG_CXX_LIBRARY = "libc++";
				CLANG_ENABLE_MODULES = YES;
				CLANG_ENABLE_OBJC_ARC = YES;
				CLANG_WARN_BOOL_CONVERSION = YES;
				CLANG_WARN_CONSTANT_CONVERSION = YES;
				CLANG_WARN_DIRECT_OBJC_ISA_USAGE = YES_ERROR;
				CLANG_WARN_EMPTY_BODY = YES;
				CLANG_WARN_ENUM_CONVERSION = YES;
				CLANG_WARN_INT_CONVERSION = YES;
				CLANG_WARN_OBJC_ROOT_CLASS = YES_ERROR;
				CLANG_WARN_UNREACHABLE_CODE = YES;
				CLANG_WARN__DUPLICATE_METHOD_MATCH = YES;
				CODE_SIGN_IDENTITY = "-";
				COPY_PHASE_STRIP = NO;
				ENABLE_STRICT_OBJC_MSGSEND = YES;
				GCC_C_LANGUAGE_STANDARD = gnu99;
				GCC_DYNAMIC_NO_PIC = NO;
				GCC_OPTIMIZATION_LEVEL = 0;
				GCC_PREPROCESSOR_DEFINITIONS = (
					"DEBUG=1",
					"$(inherited)",
				);
				GCC_SYMBOLS_PRIVATE_EXTERN = NO;
				GCC_WARN_64_TO_32_BIT_CONVERSION = YES;
				GCC_WARN_ABOUT_RETURN_TYPE = YES_ERROR;
				GCC_WARN_UNDECLARED_SELECTOR = YES;
				GCC_WARN_UNINITIALIZED_AUTOS = YES_AGGRESSIVE;
				GCC_WARN_UNUSED_FUNCTION = YES;
				GCC_WARN_UNUSED_VARIABLE = YES;
				MACOSX_DEPLOYMENT_TARGET = 10.10;
				MTL_ENABLE_DEBUG_INFO = YES;
				ONLY_ACTIVE_ARCH = YES;
				SDKROOT = macosx;
			};
			name = Debug;
		};
		08B3C9A31B2A0011001F86A9 /* Release */ = {
			isa = XCBuildConfiguration;
			buildSettings = {
				ALWAYS_SEARCH_USER_PATHS = NO;
				CLANG_CXX_LANGUAGE_STANDARD = "gnu++0x";
				CLANG_CXX_LIBRARY = "libc++";
				CLANG_ENABLE_MODULES = YES;
				CLANG_ENABLE_OBJC_ARC = YES;
				CLANG_WARN_BOOL_CONVERSION = YES;
				CLANG_WARN_CONSTANT_CONVERSION = YES;
				CLANG_WARN_DIRECT_OBJC_ISA_USAGE = YES_ERROR;
				CLANG_WARN_EMPTY_BODY = YES;
				CLANG_WARN_ENUM_CONVERSION = YES;
				CLANG_WARN_INT_CONVERSION = YES;
				CLANG_WARN_OBJC_ROOT_CLASS = YES_ERROR;
				CLANG_WARN_UNREACHABLE_CODE = YES;
				CLANG_WARN__DUPLICATE_METHOD_MATCH = YES;
				CODE_SIGN_IDENTITY = "-";
				COPY_PHASE_STRIP = YES;
				DEBUG_INFORMATION_FORMAT = "dwarf-with-dsym";
				ENABLE_NS_ASSERTIONS = NO;
				ENABLE_STRICT_OBJC_MSGSEND = YES;
				GCC_C_LANGUAGE_STANDARD = gnu99;
				GCC_WARN_64_TO_32_BIT_CONVERSION = YES;
				GCC_WARN_ABOUT_RETURN_TYPE = YES_ERROR;
				GCC_WARN_UNDECLARED_SELECTOR = YES;
				GCC_WARN_UNINITIALIZED_AUTOS = YES_AGGRESSIVE;
				GCC_WARN_UNUSED_FUNCTION = YES;
				GCC_WARN_UNUSED_VARIABLE = YES;
				MACOSX_DEPLOYMENT_TARGET = 10.10;
				MTL_ENABLE_DEBUG_INFO = NO;
				SDKROOT = macosx;
			};
			name = Release;
		};
		08B3C9A51B2A0011001F86A9 /* Debug */ = {
			isa = XCBuildConfiguration;
			buildSettings = {
				ASSETCATALOG_COMPILER_APPICON_NAME = AppIcon;
				COMBINE_HIDPI_IMAGES = YES;
				INFOPLIST_FILE = "celty-test/Info.plist";
				LD_RUNPATH_SEARCH_PATHS = "$(inherited) @executable_path/../Frameworks";
				MACOSX_DEPLOYMENT_TARGET = 10.10;
				PRODUCT_NAME = "$(TARGET_NAME)";
			};
			name = Debug;
		};
		08B3C9A61B2A0011001F86A9 /* Release */ = {
			isa = XCBuildConfiguration;
			buildSettings = {
				ASSETCATALOG_COMPILER_APPICON_NAME = AppIcon;
				COMBINE_HIDPI_IMAGES = YES;
				INFOPLIST_FILE = "celty-test/Info.plist";
				LD_RUNPATH_SEARCH_PATHS = "$(inherited) @executable_path/../Frameworks";
				MACOSX_DEPLOYMENT_TARGET = 10.10;
				PRODUCT_NAME = "$(TARGET_NAME)";
			};
			name = Release;
		};
		08B3C9A81B2A0011001F86A9 /* Debug */ = {
			isa = XCBuildConfiguration;
			buildSettings = {
				BUNDLE_LOADER = "$(TEST_HOST)";
				COMBINE_HIDPI_IMAGES = YES;
				FRAMEWORK_SEARCH_PATHS = (
					"$(DEVELOPER_FRAMEWORKS_DIR)",
					"$(inherited)",
				);
				GCC_PREPROCESSOR_DEFINITIONS = (
					"DEBUG=1",
					"$(inherited)",
				);
				INFOPLIST_FILE = "celty-testTests/Info.plist";
				LD_RUNPATH_SEARCH_PATHS = "$(inherited) @executable_path/../Frameworks @loader_path/../Frameworks";
				PRODUCT_NAME = "$(TARGET_NAME)";
				TEST_HOST = "$(BUILT_PRODUCTS_DIR)/celty-test.app/Contents/MacOS/celty-test";
			};
			name = Debug;
		};
		08B3C9A91B2A0011001F86A9 /* Release */ = {
			isa = XCBuildConfiguration;
			buildSettings = {
				BUNDLE_LOADER = "$(TEST_HOST)";
				COMBINE_HIDPI_IMAGES = YES;
				FRAMEWORK_SEARCH_PATHS = (
					"$(DEVELOPER_FRAMEWORKS_DIR)",
					"$(inherited)",
				);
				INFOPLIST_FILE = "celty-testTests/Info.plist";
				LD_RUNPATH_SEARCH_PATHS = "$(inherited) @executable_path/../Frameworks @loader_path/../Frameworks";
				PRODUCT_NAME = "$(TARGET_NAME)";
				TEST_HOST = "$(BUILT_PRODUCTS_DIR)/celty-test.app/Contents/MacOS/celty-test";
			};
			name = Release;
		};
/* End XCBuildConfiguration section */

/* Begin XCConfigurationList section */
		08B3C97C1B2A0011001F86A9 /* Build configuration list for PBXProject "celty-test" */ = {
			isa = XCConfigurationList;
			buildConfigurations = (
				08B3C9A21B2A0011001F86A9 /* Debug */,
				08B3C9A31B2A0011001F86A9 /* Release */,
			);
			defaultConfigurationIsVisible = 0;
			defaultConfigurationName = Release;
		};
		08B3C9A41B2A0011001F86A9 /* Build configuration list for PBXNativeTarget "celty-test" */ = {
			isa = XCConfigurationList;
			buildConfigurations = (
				08B3C9A51B2A0011001F86A9 /* Debug */,
				08B3C9A61B2A0011001F86A9 /* Release */,
			);
			defaultConfigurationIsVisible = 0;
			defaultConfigurationName = Release;
		};
		08B3C9A71B2A0011001F86A9 /* Build configuration list for PBXNativeTarget "celty-testTests" */ = {
			isa = XCConfigurationList;
			buildConfigurations = (
				08B3C9A81B2A0011001F86A9 /* Debug */,
				08B3C9A91B2A0011001F86A9 /* Release */,
			);
			defaultConfigurationIsVisible = 0;
			defaultConfigurationName = Release;
		};
/* End XCConfigurationList section */
	};
	rootObject = 08B3C9791B2A0011001F86A9 /* Project object */;
}
